<?xml version="1.0" encoding="UTF-8" standalone="yes" ?>
<CodeBlocks_project_file>
	<FileVersion major="1" minor="6" />
	<Project>
		<Option title="FTGL" />
		<Option pch_mode="0" />
		<Option compiler="gcc" />
		<Build>
			<Target title="Win32 Release">
				<Option output="..\..\build\dist\FTGL.dll" prefix_auto="0" extension_auto="0" />
				<Option working_dir="..\..\build\dist" />
				<Option object_output="..\..\build\tmp\FTGL___Win32_Release" />
				<Option type="3" />
				<Option compiler="gcc" />
				<Option createDefFile="1" />
				<Option createStaticLib="1" />
				<Compiler>
					<Add option="-O2" />
					<Add option="-W" />
					<Add option="-DNDEBUG" />
				</Compiler>
			</Target>
			<Target title="Win32 Debug">
				<Option output="..\..\build\debug\FTGL.dll" prefix_auto="0" extension_auto="0" />
				<Option working_dir="..\..\build\debug" />
				<Option object_output="..\..\build\tmp\FTGL___Win32_Debug" />
				<Option type="3" />
				<Option compiler="gcc" />
				<Option createDefFile="1" />
				<Option createStaticLib="1" />
				<Compiler>
					<Add option="-W" />
					<Add option="-g" />
					<Add option="-D_DEBUG" />
				</Compiler>
			</Target>
		</Build>
		<VirtualTargets>
			<Add alias="All" targets="Win32 Release;Win32 Debug;" />
		</VirtualTargets>
		<Compiler>
			<Add option="-fexceptions" />
			<Add option="-DWIN32" />
			<Add directory="..\..\FTGL\win32\freetype\include" />
			<Add directory="..\..\FTGL\win32\freetype\include\freetype2" />
			<Add directory="..\..\FTGL\include" />
			<Add directory="..\..\FTGL\src" />
		</Compiler>
		<Linker>
			<Add library="libopengl32.a" />
			<Add library="libglu32.a" />
			<Add library="..\..\FTGL\win32\freetype\lib\libfreetype.dll.a" />
		</Linker>
		<Unit filename="..\..\FTGL\include\FTBBox.h" />
		<Unit filename="..\..\FTGL\include\FTBitmapGlyph.h" />
		<Unit filename="..\..\FTGL\include\FTCharToGlyphIndexMap.h" />
		<Unit filename="..\..\FTGL\include\FTCharmap.h" />
		<Unit filename="..\..\FTGL\include\FTContour.h" />
		<Unit filename="..\..\FTGL\include\FTExtrdGlyph.h" />
		<Unit filename="..\..\FTGL\include\FTFace.h" />
		<Unit filename="..\..\FTGL\include\FTFont.h" />
		<Unit filename="..\..\FTGL\include\FTGL.h" />
		<Unit filename="..\..\FTGL\include\FTGLBitmapFont.h" />
		<Unit filename="..\..\FTGL\include\FTGLExtrdFont.h" />
		<Unit filename="..\..\FTGL\include\FTGLOutlineFont.h" />
		<Unit filename="..\..\FTGL\include\FTGLPixmapFont.h" />
		<Unit filename="..\..\FTGL\include\FTGLPolygonFont.h" />
		<Unit filename="..\..\FTGL\include\FTGLTextureFont.h" />
		<Unit filename="..\..\FTGL\include\FTGlyph.h" />
		<Unit filename="..\..\FTGL\include\FTGlyphContainer.h" />
		<Unit filename="..\..\FTGL\include\FTLibrary.h" />
		<Unit filename="..\..\FTGL\include\FTList.h" />
		<Unit filename="..\..\FTGL\include\FTOutlineGlyph.h" />
		<Unit filename="..\..\FTGL\include\FTPixmapGlyph.h" />
		<Unit filename="..\..\FTGL\include\FTPoint.h" />
		<Unit filename="..\..\FTGL\include\FTPolyGlyph.h" />
		<Unit filename="..\..\FTGL\include\FTSize.h" />
		<Unit filename="..\..\FTGL\include\FTTextureGlyph.h" />
		<Unit filename="..\..\FTGL\include\FTVector.h" />
		<Unit filename="..\..\FTGL\include\FTVectoriser.h" />
		<Unit filename="..\..\FTGL\src\FTBitmapGlyph.cpp" />
		<Unit filename="..\..\FTGL\src\FTCharmap.cpp" />
		<Unit filename="..\..\FTGL\src\FTContour.cpp" />
		<Unit filename="..\..\FTGL\src\FTExtrdGlyph.cpp" />
		<Unit filename="..\..\FTGL\src\FTFace.cpp" />
		<Unit filename="..\..\FTGL\src\FTFont.cpp" />
		<Unit filename="..\..\FTGL\src\FTGLBitmapFont.cpp" />
		<Unit filename="..\..\FTGL\src\FTGLExtrdFont.cpp" />
		<Unit filename="..\..\FTGL\src\FTGLOutlineFont.cpp" />
		<Unit filename="..\..\FTGL\src\FTGLPixmapFont.cpp" />
		<Unit filename="..\..\FTGL\src\FTGLPolygonFont.cpp" />
		<Unit filename="..\..\FTGL\src\FTGLTextureFont.cpp" />
		<Unit filename="..\..\FTGL\src\FTGlyph.cpp" />
		<Unit filename="..\..\FTGL\src\FTGlyphContainer.cpp" />
		<Unit filename="..\..\FTGL\src\FTLibrary.cpp" />
		<Unit filename="..\..\FTGL\src\FTOutlineGlyph.cpp" />
		<Unit filename="..\..\FTGL\src\FTPixmapGlyph.cpp" />
		<Unit filename="..\..\FTGL\src\FTPoint.cpp" />
		<Unit filename="..\..\FTGL\src\FTPolyGlyph.cpp" />
		<Unit filename="..\..\FTGL\src\FTSize.cpp" />
		<Unit filename="..\..\FTGL\src\FTTextureGlyph.cpp" />
		<Unit filename="..\..\FTGL\src\FTVectoriser.cpp" />
		<Unit filename="..\..\FTGL\win32\Version.rc">
			<Option compilerVar="WINDRES" />
		</Unit>
		<Unit filename="..\..\FTGL\win32_vcpp\ftgl_dll\resource.h" />
		<Unit filename="..\..\freetype\include\freetype2\freetype\cache\ftccache.h" />
		<Unit filename="..\..\freetype\include\freetype2\freetype\cache\ftccmap.h" />
		<Unit filename="..\..\freetype\include\freetype2\freetype\cache\ftcglyph.h" />
		<Unit filename="..\..\freetype\include\freetype2\freetype\cache\ftcimage.h" />
		<Unit filename="..\..\freetype\include\freetype2\freetype\cache\ftcmanag.h" />
		<Unit filename="..\..\freetype\include\freetype2\freetype\cache\ftcmru.h" />
		<Unit filename="..\..\freetype\include\freetype2\freetype\cache\ftcsbits.h" />
		<Unit filename="..\..\freetype\include\freetype2\freetype\config\ftconfig.h" />
		<Unit filename="..\..\freetype\include\freetype2\freetype\config\ftheader.h" />
		<Unit filename="..\..\freetype\include\freetype2\freetype\config\ftmodule.h" />
		<Unit filename="..\..\freetype\include\freetype2\freetype\config\ftoption.h" />
		<Unit filename="..\..\freetype\include\freetype2\freetype\config\ftstdlib.h" />
		<Unit filename="..\..\freetype\include\freetype2\freetype\freetype.h" />
		<Unit filename="..\..\freetype\include\freetype2\freetype\ftbbox.h" />
		<Unit filename="..\..\freetype\include\freetype2\freetype\ftbdf.h" />
		<Unit filename="..\..\freetype\include\freetype2\freetype\ftbitmap.h" />
		<Unit filename="..\..\freetype\include\freetype2\freetype\ftcache.h" />
		<Unit filename="..\..\freetype\include\freetype2\freetype\ftchapters.h" />
		<Unit filename="..\..\freetype\include\freetype2\freetype\fterrdef.h" />
		<Unit filename="..\..\freetype\include\freetype2\freetype\fterrors.h" />
		<Unit filename="..\..\freetype\include\freetype2\freetype\ftglyph.h" />
		<Unit filename="..\..\freetype\include\freetype2\freetype\ftgzip.h" />
		<Unit filename="..\..\freetype\include\freetype2\freetype\ftimage.h" />
		<Unit filename="..\..\freetype\include\freetype2\freetype\ftincrem.h" />
		<Unit filename="..\..\freetype\include\freetype2\freetype\ftlist.h" />
		<Unit filename="..\..\freetype\include\freetype2\freetype\ftlzw.h" />
		<Unit filename="..\..\freetype\include\freetype2\freetype\ftmac.h" />
		<Unit filename="..\..\freetype\include\freetype2\freetype\ftmm.h" />
		<Unit filename="..\..\freetype\include\freetype2\freetype\ftmodapi.h" />
		<Unit filename="..\..\freetype\include\freetype2\freetype\ftmoderr.h" />
		<Unit filename="..\..\freetype\include\freetype2\freetype\ftotval.h" />
		<Unit filename="..\..\freetype\include\freetype2\freetype\ftoutln.h" />
		<Unit filename="..\..\freetype\include\freetype2\freetype\ftpfr.h" />
		<Unit filename="..\..\freetype\include\freetype2\freetype\ftrender.h" />
		<Unit filename="..\..\freetype\include\freetype2\freetype\ftsizes.h" />
		<Unit filename="..\..\freetype\include\freetype2\freetype\ftsnames.h" />
		<Unit filename="..\..\freetype\include\freetype2\freetype\ftstroke.h" />
		<Unit filename="..\..\freetype\include\freetype2\freetype\ftsynth.h" />
		<Unit filename="..\..\freetype\include\freetype2\freetype\ftsysio.h" />
		<Unit filename="..\..\freetype\include\freetype2\freetype\ftsysmem.h" />
		<Unit filename="..\..\freetype\include\freetype2\freetype\ftsystem.h" />
		<Unit filename="..\..\freetype\include\freetype2\freetype\fttrigon.h" />
		<Unit filename="..\..\freetype\include\freetype2\freetype\fttypes.h" />
		<Unit filename="..\..\freetype\include\freetype2\freetype\ftwinfnt.h" />
		<Unit filename="..\..\freetype\include\freetype2\freetype\ftxf86.h" />
		<Unit filename="..\..\freetype\include\freetype2\freetype\internal\autohint.h" />
		<Unit filename="..\..\freetype\include\freetype2\freetype\internal\ftcalc.h" />
		<Unit filename="..\..\freetype\include\freetype2\freetype\internal\ftdebug.h" />
		<Unit filename="..\..\freetype\include\freetype2\freetype\internal\ftdriver.h" />
		<Unit filename="..\..\freetype\include\freetype2\freetype\internal\ftgloadr.h" />
		<Unit filename="..\..\freetype\include\freetype2\freetype\internal\ftmemory.h" />
		<Unit filename="..\..\freetype\include\freetype2\freetype\internal\ftobjs.h" />
		<Unit filename="..\..\freetype\include\freetype2\freetype\internal\ftrfork.h" />
		<Unit filename="..\..\freetype\include\freetype2\freetype\internal\ftserv.h" />
		<Unit filename="..\..\freetype\include\freetype2\freetype\internal\ftstream.h" />
		<Unit filename="..\..\freetype\include\freetype2\freetype\internal\fttrace.h" />
		<Unit filename="..\..\freetype\include\freetype2\freetype\internal\ftvalid.h" />
		<Unit filename="..\..\freetype\include\freetype2\freetype\internal\internal.h" />
		<Unit filename="..\..\freetype\include\freetype2\freetype\internal\pcftypes.h" />
		<Unit filename="..\..\freetype\include\freetype2\freetype\internal\psaux.h" />
		<Unit filename="..\..\freetype\include\freetype2\freetype\internal\pshints.h" />
		<Unit filename="..\..\freetype\include\freetype2\freetype\internal\sfnt.h" />
		<Unit filename="..\..\freetype\include\freetype2\freetype\internal\svbdf.h" />
		<Unit filename="..\..\freetype\include\freetype2\freetype\internal\svgldict.h" />
		<Unit filename="..\..\freetype\include\freetype2\freetype\internal\svmm.h" />
		<Unit filename="..\..\freetype\include\freetype2\freetype\internal\svotval.h" />
		<Unit filename="..\..\freetype\include\freetype2\freetype\internal\svpfr.h" />
		<Unit filename="..\..\freetype\include\freetype2\freetype\internal\svpostnm.h" />
		<Unit filename="..\..\freetype\include\freetype2\freetype\internal\svpscmap.h" />
		<Unit filename="..\..\freetype\include\freetype2\freetype\internal\svpsinfo.h" />
		<Unit filename="..\..\freetype\include\freetype2\freetype\internal\svsfnt.h" />
		<Unit filename="..\..\freetype\include\freetype2\freetype\internal\svttcmap.h" />
		<Unit filename="..\..\freetype\include\freetype2\freetype\internal\svwinfnt.h" />
		<Unit filename="..\..\freetype\include\freetype2\freetype\internal\svxf86nm.h" />
		<Unit filename="..\..\freetype\include\freetype2\freetype\internal\t1types.h" />
		<Unit filename="..\..\freetype\include\freetype2\freetype\internal\tttypes.h" />
		<Unit filename="..\..\freetype\include\freetype2\freetype\t1tables.h" />
		<Unit filename="..\..\freetype\include\freetype2\freetype\ttnameid.h" />
		<Unit filename="..\..\freetype\include\freetype2\freetype\tttables.h" />
		<Unit filename="..\..\freetype\include\freetype2\freetype\tttags.h" />
		<Unit filename="..\..\freetype\include\freetype2\freetype\ttunpat.h" />
		<Unit filename="..\..\freetype\include\ft2build.h" />
		<Extensions>
			<code_completion />
			<debugger />
		</Extensions>
	</Project>
</CodeBlocks_project_file>
