<?xml version="1.0" encoding="UTF-8" standalone="yes" ?>
<CodeBlocks_project_file>
	<FileVersion major="1" minor="6" />
	<Project>
		<Option title="FTGL" />
		<Option execution_dir="D:\Development\AADevel\liquid\winlibs\FTGL\msvc\vc8\" />
		<Option pch_mode="2" />
		<Option compiler="gcc" />
		<Build>
			<Target title="Win32 Release">
				<Option output="..\..\build\dist\ftgl" prefix_auto="1" extension_auto="1" />
				<Option working_dir="..\..\build\dist" />
				<Option object_output="..\..\build\tmp\FTGL_Release" />
				<Option type="3" />
				<Option compiler="gcc" />
				<Option createDefFile="1" />
				<Option createStaticLib="1" />
				<Compiler>
					<Add option="-O2" />
					<Add option="-W" />
					<Add option="-DNDEBUG" />
					<Add option="-DWIN32" />
					<Add option="-D_WINDOWS" />
					<Add option="-D_USRDLL" />
					<Add option="-DFTGL_LIBRARY" />
				</Compiler>
				<ResourceCompiler>
					<Add directory="$(FREETYPE)\include" />
					<Add directory="..\..\FTGL\src" />
					<Add directory="..\" />
				</ResourceCompiler>
				<Linker>
					<Add library="odbc32" />
					<Add library="odbccp32" />
					<Add library="opengl32" />
					<Add library="glu32" />
					<Add library="freetype248" />
				</Linker>
			</Target>
			<Target title="Win32 Debug">
				<Option output="..\..\build\debug\ftgl" prefix_auto="1" extension_auto="1" />
				<Option working_dir="..\..\build\debug" />
				<Option object_output="..\..\build\debug\FTGL_Debug" />
				<Option type="3" />
				<Option compiler="gcc" />
				<Option createDefFile="1" />
				<Option createStaticLib="1" />
				<Compiler>
					<Add option="-g" />
					<Add option="-W" />
					<Add option="-O0" />
					<Add option="-D_DEBUG" />
					<Add option="-DWIN32" />
					<Add option="-D_WINDOWS" />
					<Add option="-D_USRDLL" />
					<Add option="-DFTGL_LIBRARY" />
				</Compiler>
				<ResourceCompiler>
					<Add directory="$(FREETYPE)\include" />
					<Add directory="..\..\FTGL\src" />
					<Add directory="..\" />
				</ResourceCompiler>
				<Linker>
					<Add library="odbc32" />
					<Add library="odbccp32" />
					<Add library="opengl32" />
					<Add library="glu32" />
					<Add library="freetype248_D" />
				</Linker>
			</Target>
			<Environment>
				<Variable name="FREETYPE" value="..\..\FTGL\win32\freetype" />
			</Environment>
		</Build>
		<VirtualTargets>
			<Add alias="All" targets="Win32 Release;Win32 Debug;" />
		</VirtualTargets>
		<Compiler>
			<Add directory="$(FREETYPE)\include" />
			<Add directory="..\..\FTGL\src" />
			<Add directory="..\..\FTGL" />
			<Add directory="..\..\FTGL\msvc" />
		</Compiler>
		<Linker>
			<Add directory="$(FREETYPE)\objs" />
		</Linker>
		<Unit filename="..\..\FTGL\src\FTBuffer.cpp" />
		<Unit filename="..\..\FTGL\src\FTCharmap.cpp" />
		<Unit filename="..\..\FTGL\src\FTCharmap.h" />
		<Unit filename="..\..\FTGL\src\FTContour.cpp" />
		<Unit filename="..\..\FTGL\src\FTContour.h" />
		<Unit filename="..\..\FTGL\src\FTFace.cpp" />
		<Unit filename="..\..\FTGL\src\FTFace.h" />
		<Unit filename="..\..\FTGL\src\FTFont\FTBitmapFont.cpp" />
		<Unit filename="..\..\FTGL\src\FTFont\FTBitmapFontImpl.h" />
		<Unit filename="..\..\FTGL\src\FTFont\FTBufferFont.cpp" />
		<Unit filename="..\..\FTGL\src\FTFont\FTBufferFontImpl.h" />
		<Unit filename="..\..\FTGL\src\FTFont\FTExtrudeFont.cpp" />
		<Unit filename="..\..\FTGL\src\FTFont\FTExtrudeFontImpl.h" />
		<Unit filename="..\..\FTGL\src\FTFont\FTFont.cpp" />
		<Unit filename="..\..\FTGL\src\FTFont\FTFontGlue.cpp" />
		<Unit filename="..\..\FTGL\src\FTFont\FTFontImpl.h" />
		<Unit filename="..\..\FTGL\src\FTFont\FTOutlineFont.cpp" />
		<Unit filename="..\..\FTGL\src\FTFont\FTOutlineFontImpl.h" />
		<Unit filename="..\..\FTGL\src\FTFont\FTPixmapFont.cpp" />
		<Unit filename="..\..\FTGL\src\FTFont\FTPixmapFontImpl.h" />
		<Unit filename="..\..\FTGL\src\FTFont\FTPolygonFont.cpp" />
		<Unit filename="..\..\FTGL\src\FTFont\FTPolygonFontImpl.h" />
		<Unit filename="..\..\FTGL\src\FTFont\FTTextureFont.cpp" />
		<Unit filename="..\..\FTGL\src\FTFont\FTTextureFontImpl.h" />
		<Unit filename="..\..\FTGL\src\FTGL\FTBBox.h" />
		<Unit filename="..\..\FTGL\src\FTGL\FTBitmapGlyph.h" />
		<Unit filename="..\..\FTGL\src\FTGL\FTBuffer.h" />
		<Unit filename="..\..\FTGL\src\FTGL\FTBufferFont.h" />
		<Unit filename="..\..\FTGL\src\FTGL\FTBufferGlyph.h" />
		<Unit filename="..\..\FTGL\src\FTGL\FTExtrdGlyph.h" />
		<Unit filename="..\..\FTGL\src\FTGL\FTFont.h" />
		<Unit filename="..\..\FTGL\src\FTGL\FTGLBitmapFont.h" />
		<Unit filename="..\..\FTGL\src\FTGL\FTGLExtrdFont.h" />
		<Unit filename="..\..\FTGL\src\FTGL\FTGLOutlineFont.h" />
		<Unit filename="..\..\FTGL\src\FTGL\FTGLPixmapFont.h" />
		<Unit filename="..\..\FTGL\src\FTGL\FTGLPolygonFont.h" />
		<Unit filename="..\..\FTGL\src\FTGL\FTGLTextureFont.h" />
		<Unit filename="..\..\FTGL\src\FTGL\FTGlyph.h" />
		<Unit filename="..\..\FTGL\src\FTGL\FTLayout.h" />
		<Unit filename="..\..\FTGL\src\FTGL\FTOutlineGlyph.h" />
		<Unit filename="..\..\FTGL\src\FTGL\FTPixmapGlyph.h" />
		<Unit filename="..\..\FTGL\src\FTGL\FTPoint.h" />
		<Unit filename="..\..\FTGL\src\FTGL\FTPolyGlyph.h" />
		<Unit filename="..\..\FTGL\src\FTGL\FTSimpleLayout.h" />
		<Unit filename="..\..\FTGL\src\FTGL\FTTextureGlyph.h" />
		<Unit filename="..\..\FTGL\src\FTGL\ftgl.h" />
		<Unit filename="..\..\FTGL\src\FTGlyphContainer.cpp" />
		<Unit filename="..\..\FTGL\src\FTGlyphContainer.h" />
		<Unit filename="..\..\FTGL\src\FTGlyph\FTBitmapGlyph.cpp" />
		<Unit filename="..\..\FTGL\src\FTGlyph\FTBitmapGlyphImpl.h" />
		<Unit filename="..\..\FTGL\src\FTGlyph\FTBufferGlyph.cpp" />
		<Unit filename="..\..\FTGL\src\FTGlyph\FTBufferGlyphImpl.h" />
		<Unit filename="..\..\FTGL\src\FTGlyph\FTExtrudeGlyph.cpp" />
		<Unit filename="..\..\FTGL\src\FTGlyph\FTExtrudeGlyphImpl.h" />
		<Unit filename="..\..\FTGL\src\FTGlyph\FTGlyph.cpp" />
		<Unit filename="..\..\FTGL\src\FTGlyph\FTGlyphGlue.cpp" />
		<Unit filename="..\..\FTGL\src\FTGlyph\FTGlyphImpl.h" />
		<Unit filename="..\..\FTGL\src\FTGlyph\FTOutlineGlyph.cpp" />
		<Unit filename="..\..\FTGL\src\FTGlyph\FTOutlineGlyphImpl.h" />
		<Unit filename="..\..\FTGL\src\FTGlyph\FTPixmapGlyph.cpp" />
		<Unit filename="..\..\FTGL\src\FTGlyph\FTPixmapGlyphImpl.h" />
		<Unit filename="..\..\FTGL\src\FTGlyph\FTPolygonGlyph.cpp" />
		<Unit filename="..\..\FTGL\src\FTGlyph\FTPolygonGlyphImpl.h" />
		<Unit filename="..\..\FTGL\src\FTGlyph\FTTextureGlyph.cpp" />
		<Unit filename="..\..\FTGL\src\FTGlyph\FTTextureGlyphImpl.h" />
		<Unit filename="..\..\FTGL\src\FTInternals.h" />
		<Unit filename="..\..\FTGL\src\FTLayout\FTLayout.cpp" />
		<Unit filename="..\..\FTGL\src\FTLayout\FTLayoutGlue.cpp" />
		<Unit filename="..\..\FTGL\src\FTLayout\FTLayoutImpl.h" />
		<Unit filename="..\..\FTGL\src\FTLayout\FTSimpleLayout.cpp" />
		<Unit filename="..\..\FTGL\src\FTLayout\FTSimpleLayoutImpl.h" />
		<Unit filename="..\..\FTGL\src\FTLibrary.cpp" />
		<Unit filename="..\..\FTGL\src\FTLibrary.h" />
		<Unit filename="..\..\FTGL\src\FTList.h" />
		<Unit filename="..\..\FTGL\src\FTPoint.cpp" />
		<Unit filename="..\..\FTGL\src\FTSize.cpp" />
		<Unit filename="..\..\FTGL\src\FTSize.h" />
		<Unit filename="..\..\FTGL\src\FTVector.h" />
		<Unit filename="..\..\FTGL\src\FTVectoriser.cpp" />
		<Unit filename="..\..\FTGL\src\FTVectoriser.h" />
		<Extensions>
			<code_completion />
			<debugger />
		</Extensions>
	</Project>
</CodeBlocks_project_file>
