<?xml version="1.0" encoding="UTF-8" standalone="yes" ?>
<CodeBlocks_project_file>
	<FileVersion major="1" minor="6" />
	<Project>
		<Option title="libvorbis" />
		<Option pch_mode="0" />
		<Option compiler="gcc" />
		<Build>
			<Target title="Win32 Release">
				<Option output="..\..\build\dist\vorbis.dll" prefix_auto="0" extension_auto="0" />
				<Option working_dir="..\..\build\dist" />
				<Option object_output="..\..\build\tmp\libvorbis___Win32_Release" />
				<Option type="3" />
				<Option compiler="gcc" />
				<Option createDefFile="1" />
				<Option createStaticLib="1" />
				<Compiler>
					<Add option="-O2" />
					<Add option="-W" />
					<Add option="-DNDEBUG" />
				</Compiler>
				<Linker>
					<Add library="..\..\build\dist\ogg.dll" />
				</Linker>
			</Target>
			<Target title="Win32 Debug">
				<Option output="..\..\build\debug\vorbis.dll" prefix_auto="0" extension_auto="0" />
				<Option working_dir="..\..\build\debug" />
				<Option object_output="..\..\build\tmp\libvorbis___Win32_Debug" />
				<Option type="3" />
				<Option compiler="gcc" />
				<Option createDefFile="1" />
				<Option createStaticLib="1" />
				<Compiler>
					<Add option="-g" />
					<Add option="-W" />
					<Add option="-D_DEBUG" />
				</Compiler>
				<Linker>
					<Add library="..\..\build\debug\ogg.dll" />
				</Linker>
			</Target>
		</Build>
		<VirtualTargets>
			<Add alias="All" targets="Win32 Release;Win32 Debug;" />
		</VirtualTargets>
		<Compiler>
			<Add option="-fexceptions" />
			<Add option="-DWIN32" />
			<Add option="-D_MBCS" />
			<Add option="-DLIBVORBIS_EXPORTS" />
			<Add directory="..\..\libvorbis\include" />
			<Add directory="..\..\libogg\include" />
		</Compiler>
		<Unit filename="..\..\libvorbis\include\vorbis\backends.h" />
		<Unit filename="..\..\libvorbis\include\vorbis\codebook.h" />
		<Unit filename="..\..\libvorbis\include\vorbis\codec.h" />
		<Unit filename="..\..\libvorbis\lib\analysis.c">
			<Option compilerVar="CC" />
		</Unit>
		<Unit filename="..\..\libvorbis\lib\bitbuffer.h" />
		<Unit filename="..\..\libvorbis\lib\bitrate.c">
			<Option compilerVar="CC" />
		</Unit>
		<Unit filename="..\..\libvorbis\lib\bitrate.h" />
		<Unit filename="..\..\libvorbis\lib\block.c">
			<Option compilerVar="CC" />
		</Unit>
		<Unit filename="..\..\libvorbis\lib\codebook.c">
			<Option compilerVar="CC" />
		</Unit>
		<Unit filename="..\..\libvorbis\lib\codec_internal.h" />
		<Unit filename="..\..\libvorbis\lib\envelope.c">
			<Option compilerVar="CC" />
		</Unit>
		<Unit filename="..\..\libvorbis\lib\envelope.h" />
		<Unit filename="..\..\libvorbis\lib\floor0.c">
			<Option compilerVar="CC" />
		</Unit>
		<Unit filename="..\..\libvorbis\lib\floor1.c">
			<Option compilerVar="CC" />
		</Unit>
		<Unit filename="..\..\libvorbis\lib\highlevel.h" />
		<Unit filename="..\..\libvorbis\lib\info.c">
			<Option compilerVar="CC" />
		</Unit>
		<Unit filename="..\..\libvorbis\lib\lookup.c">
			<Option compilerVar="CC" />
		</Unit>
		<Unit filename="..\..\libvorbis\lib\lookup.h" />
		<Unit filename="..\..\libvorbis\lib\lookup_data.h" />
		<Unit filename="..\..\libvorbis\lib\lpc.c">
			<Option compilerVar="CC" />
		</Unit>
		<Unit filename="..\..\libvorbis\lib\lpc.h" />
		<Unit filename="..\..\libvorbis\lib\lsp.c">
			<Option compilerVar="CC" />
		</Unit>
		<Unit filename="..\..\libvorbis\lib\lsp.h" />
		<Unit filename="..\..\libvorbis\lib\mapping0.c">
			<Option compilerVar="CC" />
		</Unit>
		<Unit filename="..\..\libvorbis\lib\masking.h" />
		<Unit filename="..\..\libvorbis\lib\mdct.c">
			<Option compilerVar="CC" />
		</Unit>
		<Unit filename="..\..\libvorbis\lib\mdct.h" />
		<Unit filename="..\..\libvorbis\lib\misc.h" />
		<Unit filename="..\..\libvorbis\lib\os.h" />
		<Unit filename="..\..\libvorbis\lib\psy.c">
			<Option compilerVar="CC" />
		</Unit>
		<Unit filename="..\..\libvorbis\lib\psy.h" />
		<Unit filename="..\..\libvorbis\lib\registry.c">
			<Option compilerVar="CC" />
		</Unit>
		<Unit filename="..\..\libvorbis\lib\registry.h" />
		<Unit filename="..\..\libvorbis\lib\res0.c">
			<Option compilerVar="CC" />
		</Unit>
		<Unit filename="..\..\libvorbis\lib\scales.h" />
		<Unit filename="..\..\libvorbis\lib\sharedbook.c">
			<Option compilerVar="CC" />
		</Unit>
		<Unit filename="..\..\libvorbis\lib\smallft.c">
			<Option compilerVar="CC" />
		</Unit>
		<Unit filename="..\..\libvorbis\lib\smallft.h" />
		<Unit filename="..\..\libvorbis\lib\synthesis.c">
			<Option compilerVar="CC" />
		</Unit>
		<Unit filename="..\..\libvorbis\lib\window.c">
			<Option compilerVar="CC" />
		</Unit>
		<Unit filename="..\..\libvorbis\lib\window.h" />
		<Extensions>
			<code_completion />
			<debugger />
		</Extensions>
	</Project>
</CodeBlocks_project_file>
