<?xml version="1.0" encoding="UTF-8" standalone="yes" ?>
<CodeBlocks_project_file>
	<FileVersion major="1" minor="6" />
	<Project>
		<Option title="SDL_mixer" />
		<Option pch_mode="0" />
		<Option compiler="gcc" />
		<Build>
			<Target title="Win32 Release">
				<Option output="..\..\build\dist\SDL_mixer.dll" prefix_auto="0" extension_auto="0" />
				<Option working_dir="..\..\build\dist" />
				<Option object_output="..\..\build\tmp\SDL_mixer___Win32_Release" />
				<Option type="3" />
				<Option compiler="gcc" />
				<Option createDefFile="1" />
				<Option createStaticLib="1" />
				<Compiler>
					<Add option="-O2" />
					<Add option="-W" />
					<Add option="-fexceptions" />
					<Add option="-DNDEBUG" />
				</Compiler>
				<Linker>
					<Add library="..\..\build\dist\SDL.dll" />
					<Add library="..\..\build\dist\libmikmod.a" />
					<Add library="..\..\build\dist\vorbisfile.dll" />
					<Add library="..\..\build\dist\vorbis.dll" />
					<Add library="..\..\build\dist\ogg.dll" />
				</Linker>
			</Target>
			<Target title="Win32 Debug">
				<Option output="..\..\build\debug\SDL_mixer.dll" prefix_auto="0" extension_auto="0" />
				<Option working_dir="..\..\build\debug" />
				<Option object_output="..\..\build\tmp\SDL_mixer___Win32_Debug" />
				<Option type="3" />
				<Option compiler="gcc" />
				<Option createDefFile="1" />
				<Option createStaticLib="1" />
				<Compiler>
					<Add option="-g" />
					<Add option="-W" />
					<Add option="-fexceptions" />
					<Add option="-D_DEBUG" />
				</Compiler>
				<Linker>
					<Add library="..\..\build\debug\SDL.dll" />
					<Add library="..\..\build\debug\libmikmod.a" />
					<Add library="..\..\build\debug\vorbisfile.dll" />
					<Add library="..\..\build\debug\vorbis.dll" />
					<Add library="..\..\build\debug\ogg.dll" />
				</Linker>
			</Target>
		</Build>
		<VirtualTargets>
			<Add alias="All" targets="Win32 Release;Win32 Debug;" />
		</VirtualTargets>
		<Compiler>
			<Add option="-fexceptions" />
			<Add option="-DWIN32" />
			<Add option="-D_WINDOWS" />
			<Add option="-DWAV_MUSIC" />
			<Add option="-DMOD_MUSIC" />
			<Add option="-DMID_MUSIC" />
			<Add option="-DUSE_NATIVE_MIDI" />
			<Add option="-DUSE_TIMIDITY_MIDI" />
			<Add option="-DMP3_MUSIC" />
			<Add option='-DMP3_DYNAMIC=\&quot;smpeg.dll\&quot;' />
			<Add option="-DOGG_MUSIC" />
			<Add option='-DOGG_DYNAMIC=\&quot;vorbisfile.dll\&quot;' />
			<Add option="-DSDL_SURROUND" />
			<Add directory="..\..\SDL_mixer\mikmod" />
			<Add directory="..\..\SDL\include" />
			<Add directory="..\..\libogg\include" />
			<Add directory="..\..\libvorbis\include" />
			<Add directory="..\..\SDL_mixer\VisualC\smpeg\include" />
			<Add directory="..\..\SDL_mixer\native_midi" />
			<Add directory="..\..\SDL_mixer\timidity" />
		</Compiler>
		<Linker>
			<Add library="libwinmm.a" />
			<Add library="..\..\SDL_mixer\VisualC\smpeg\lib\smpeg.lib" />
		</Linker>
		<Unit filename="..\..\SDL_mixer\SDL_mixer.h" />
		<Unit filename="..\..\SDL_mixer\VisualC\Version.rc">
			<Option compilerVar="WINDRES" />
		</Unit>
		<Unit filename="..\..\SDL_mixer\dynamic_mp3.c">
			<Option compilerVar="CC" />
		</Unit>
		<Unit filename="..\..\SDL_mixer\dynamic_mp3.h" />
		<Unit filename="..\..\SDL_mixer\dynamic_ogg.c">
			<Option compilerVar="CC" />
		</Unit>
		<Unit filename="..\..\SDL_mixer\dynamic_ogg.h" />
		<Unit filename="..\..\SDL_mixer\effect_position.c">
			<Option compilerVar="CC" />
		</Unit>
		<Unit filename="..\..\SDL_mixer\effect_stereoreverse.c">
			<Option compilerVar="CC" />
		</Unit>
		<Unit filename="..\..\SDL_mixer\effects_internal.c">
			<Option compilerVar="CC" />
		</Unit>
		<Unit filename="..\..\SDL_mixer\effects_internal.h" />
		<Unit filename="..\..\SDL_mixer\load_aiff.c">
			<Option compilerVar="CC" />
		</Unit>
		<Unit filename="..\..\SDL_mixer\load_aiff.h" />
		<Unit filename="..\..\SDL_mixer\load_ogg.c">
			<Option compilerVar="CC" />
		</Unit>
		<Unit filename="..\..\SDL_mixer\load_ogg.h" />
		<Unit filename="..\..\SDL_mixer\load_voc.c">
			<Option compilerVar="CC" />
		</Unit>
		<Unit filename="..\..\SDL_mixer\load_voc.h" />
		<Unit filename="..\..\SDL_mixer\mixer.c">
			<Option compilerVar="CC" />
		</Unit>
		<Unit filename="..\..\SDL_mixer\music.c">
			<Option compilerVar="CC" />
		</Unit>
		<Unit filename="..\..\SDL_mixer\music_cmd.c">
			<Option compilerVar="CC" />
		</Unit>
		<Unit filename="..\..\SDL_mixer\music_cmd.h" />
		<Unit filename="..\..\SDL_mixer\music_ogg.c">
			<Option compilerVar="CC" />
		</Unit>
		<Unit filename="..\..\SDL_mixer\music_ogg.h" />
		<Unit filename="..\..\SDL_mixer\native_midi\native_midi.h" />
		<Unit filename="..\..\SDL_mixer\native_midi\native_midi_common.c">
			<Option compilerVar="CC" />
		</Unit>
		<Unit filename="..\..\SDL_mixer\native_midi\native_midi_common.h" />
		<Unit filename="..\..\SDL_mixer\native_midi\native_midi_mac.c">
			<Option compilerVar="CC" />
		</Unit>
		<Unit filename="..\..\SDL_mixer\native_midi\native_midi_win32.c">
			<Option compilerVar="CC" />
		</Unit>
		<Unit filename="..\..\SDL_mixer\timidity\README" />
		<Unit filename="..\..\SDL_mixer\timidity\common.c">
			<Option compilerVar="CC" />
		</Unit>
		<Unit filename="..\..\SDL_mixer\timidity\common.h" />
		<Unit filename="..\..\SDL_mixer\timidity\config.h" />
		<Unit filename="..\..\SDL_mixer\timidity\ctrlmode.c">
			<Option compilerVar="CC" />
		</Unit>
		<Unit filename="..\..\SDL_mixer\timidity\ctrlmode.h" />
		<Unit filename="..\..\SDL_mixer\timidity\filter.c">
			<Option compilerVar="CC" />
		</Unit>
		<Unit filename="..\..\SDL_mixer\timidity\filter.h" />
		<Unit filename="..\..\SDL_mixer\timidity\instrum.c">
			<Option compilerVar="CC" />
		</Unit>
		<Unit filename="..\..\SDL_mixer\timidity\instrum.h" />
		<Unit filename="..\..\SDL_mixer\timidity\mix.c">
			<Option compilerVar="CC" />
		</Unit>
		<Unit filename="..\..\SDL_mixer\timidity\mix.h" />
		<Unit filename="..\..\SDL_mixer\timidity\output.c">
			<Option compilerVar="CC" />
		</Unit>
		<Unit filename="..\..\SDL_mixer\timidity\output.h" />
		<Unit filename="..\..\SDL_mixer\timidity\playmidi.c">
			<Option compilerVar="CC" />
		</Unit>
		<Unit filename="..\..\SDL_mixer\timidity\playmidi.h" />
		<Unit filename="..\..\SDL_mixer\timidity\readmidi.c">
			<Option compilerVar="CC" />
		</Unit>
		<Unit filename="..\..\SDL_mixer\timidity\readmidi.h" />
		<Unit filename="..\..\SDL_mixer\timidity\resample.c">
			<Option compilerVar="CC" />
		</Unit>
		<Unit filename="..\..\SDL_mixer\timidity\resample.h" />
		<Unit filename="..\..\SDL_mixer\timidity\sdl_a.c">
			<Option compilerVar="CC" />
		</Unit>
		<Unit filename="..\..\SDL_mixer\timidity\sdl_c.c">
			<Option compilerVar="CC" />
		</Unit>
		<Unit filename="..\..\SDL_mixer\timidity\tables.c">
			<Option compilerVar="CC" />
		</Unit>
		<Unit filename="..\..\SDL_mixer\timidity\tables.h" />
		<Unit filename="..\..\SDL_mixer\timidity\timidity.c">
			<Option compilerVar="CC" />
		</Unit>
		<Unit filename="..\..\SDL_mixer\timidity\timidity.h" />
		<Unit filename="..\..\SDL_mixer\wavestream.c">
			<Option compilerVar="CC" />
		</Unit>
		<Unit filename="..\..\SDL_mixer\wavestream.h" />
		<Extensions>
			<code_completion />
			<debugger />
		</Extensions>
	</Project>
</CodeBlocks_project_file>
